// !$*UTF8*$!
{
	archiveVersion = 1;
	classes = {
	};
	objectVersion = 50;
	objects = {

/* Begin PBXBuildFile section */
		D04B153F247B977F00DD6D74 /* AppDelegate.swift in Sources */ = {isa = PBXBuildFile; fileRef = D04B153E247B977F00DD6D74 /* AppDelegate.swift */; };
		D04B1541247B977F00DD6D74 /* SceneDelegate.swift in Sources */ = {isa = PBXBuildFile; fileRef = D04B1540247B977F00DD6D74 /* SceneDelegate.swift */; };
		D04B1543247B977F00DD6D74 /* ViewController.swift in Sources */ = {isa = PBXBuildFile; fileRef = D04B1542247B977F00DD6D74 /* ViewController.swift */; };
		D04B1546247B977F00DD6D74 /* Main.storyboard in Resources */ = {isa = PBXBuildFile; fileRef = D04B1544247B977F00DD6D74 /* Main.storyboard */; };
		D04B1548247B978300DD6D74 /* Assets.xcassets in Resources */ = {isa = PBXBuildFile; fileRef = D04B1547247B978300DD6D74 /* Assets.xcassets */; };
		D04B154B247B978300DD6D74 /* LaunchScreen.storyboard in Resources */ = {isa = PBXBuildFile; fileRef = D04B1549247B978300DD6D74 /* LaunchScreen.storyboard */; };
		D04B1553247B985500DD6D74 /* RequestManager.swift in Sources */ = {isa = PBXBuildFile; fileRef = D04B1552247B985500DD6D74 /* RequestManager.swift */; };
		D04B1555247B988C00DD6D74 /* Models.swift in Sources */ = {isa = PBXBuildFile; fileRef = D04B1554247B988C00DD6D74 /* Models.swift */; };
		D04B1557247BA0C200DD6D74 /* DetailsViewController.swift in Sources */ = {isa = PBXBuildFile; fileRef = D04B1556247BA0C200DD6D74 /* DetailsViewController.swift */; };
/* End PBXBuildFile section */

/* Begin PBXFileReference section */
		D04B153B247B977F00DD6D74 /* uk-intersting-info.app */ = {isa = PBXFileReference; explicitFileType = wrapper.application; includeInIndex = 0; path = "uk-intersting-info.app"; sourceTree = BUILT_PRODUCTS_DIR; };
		D04B153E247B977F00DD6D74 /* AppDelegate.swift */ = {isa = PBXFileReference; lastKnownFileType = sourcecode.swift; path = AppDelegate.swift; sourceTree = "<group>"; };
		D04B1540247B977F00DD6D74 /* SceneDelegate.swift */ = {isa = PBXFileReference; lastKnownFileType = sourcecode.swift; path = SceneDelegate.swift; sourceTree = "<group>"; };
		D04B1542247B977F00DD6D74 /* ViewController.swift */ = {isa = PBXFileReference; lastKnownFileType = sourcecode.swift; path = ViewController.swift; sourceTree = "<group>"; };
		D04B1545247B977F00DD6D74 /* Base */ = {isa = PBXFileReference; lastKnownFileType = file.storyboard; name = Base; path = Base.lproj/Main.storyboard; sourceTree = "<group>"; };
		D04B1547247B978300DD6D74 /* Assets.xcassets */ = {isa = PBXFileReference; lastKnownFileType = folder.assetcatalog; path = Assets.xcassets; sourceTree = "<group>"; };
		D04B154A247B978300DD6D74 /* Base */ = {isa = PBXFileReference; lastKnownFileType = file.storyboard; name = Base; path = Base.lproj/LaunchScreen.storyboard; sourceTree = "<group>"; };
		D04B154C247B978300DD6D74 /* Info.plist */ = {isa = PBXFileReference; lastKnownFileType = text.plist.xml; path = Info.plist; sourceTree = "<group>"; };
		D04B1552247B985500DD6D74 /* RequestManager.swift */ = {isa = PBXFileReference; lastKnownFileType = sourcecode.swift; path = RequestManager.swift; sourceTree = "<group>"; };
		D04B1554247B988C00DD6D74 /* Models.swift */ = {isa = PBXFileReference; lastKnownFileType = sourcecode.swift; path = Models.swift; sourceTree = "<group>"; };
		D04B1556247BA0C200DD6D74 /* DetailsViewController.swift */ = {isa = PBXFileReference; lastKnownFileType = sourcecode.swift; path = DetailsViewController.swift; sourceTree = "<group>"; };
/* End PBXFileReference section */

/* Begin PBXFrameworksBuildPhase section */
		D04B1538247B977F00DD6D74 /* Frameworks */ = {
			isa = PBXFrameworksBuildPhase;
			buildActionMask = 2147483647;
			files = (
			);
			runOnlyForDeploymentPostprocessing = 0;
		};
/* End PBXFrameworksBuildPhase section */

/* Begin PBXGroup section */
		D04B1532247B977F00DD6D74 = {
			isa = PBXGroup;
			children = (
				D04B153D247B977F00DD6D74 /* uk-intersting-info */,
				D04B153C247B977F00DD6D74 /* Products */,
			);
			sourceTree = "<group>";
		};
		D04B153C247B977F00DD6D74 /* Products */ = {
			isa = PBXGroup;
			children = (
				D04B153B247B977F00DD6D74 /* uk-intersting-info.app */,
			);
			name = Products;
			sourceTree = "<group>";
		};
		D04B153D247B977F00DD6D74 /* uk-intersting-info */ = {
			isa = PBXGroup;
			children = (
				D04B153E247B977F00DD6D74 /* AppDelegate.swift */,
				D04B1540247B977F00DD6D74 /* SceneDelegate.swift */,
				D04B1542247B977F00DD6D74 /* ViewController.swift */,
				D04B1544247B977F00DD6D74 /* Main.storyboard */,
				D04B1547247B978300DD6D74 /* Assets.xcassets */,
				D04B1549247B978300DD6D74 /* LaunchScreen.storyboard */,
				D04B154C247B978300DD6D74 /* Info.plist */,
				D04B1552247B985500DD6D74 /* RequestManager.swift */,
				D04B1554247B988C00DD6D74 /* Models.swift */,
				D04B1556247BA0C200DD6D74 /* DetailsViewController.swift */,
			);
			path = "uk-intersting-info";
			sourceTree = "<group>";
		};
/* End PBXGroup section */

/* Begin PBXNativeTarget section */
		D04B153A247B977F00DD6D74 /* uk-intersting-info */ = {
			isa = PBXNativeTarget;
			buildConfigurationList = D04B154F247B978300DD6D74 /* Build configuration list for PBXNativeTarget "uk-intersting-info" */;
			buildPhases = (
				D04B1537247B977F00DD6D74 /* Sources */,
				D04B1538247B977F00DD6D74 /* Frameworks */,
				D04B1539247B977F00DD6D74 /* Resources */,
			);
			buildRules = (
			);
			dependencies = (
			);
			name = "uk-intersting-info";
			productName = "uk-intersting-info";
			productReference = D04B153B247B977F00DD6D74 /* uk-intersting-info.app */;
			productType = "com.apple.product-type.application";
		};
/* End PBXNativeTarget section */

/* Begin PBXProject section */
		D04B1533247B977F00DD6D74 /* Project object */ = {
			isa = PBXProject;
			attributes = {
				LastSwiftUpdateCheck = 1140;
				LastUpgradeCheck = 1140;
				ORGANIZATIONNAME = Tommy;
				TargetAttributes = {
					D04B153A247B977F00DD6D74 = {
						CreatedOnToolsVersion = 11.4.1;
					};
				};
			};
			buildConfigurationList = D04B1536247B977F00DD6D74 /* Build configuration list for PBXProject "uk-intersting-info" */;
			compatibilityVersion = "Xcode 9.3";
			developmentRegion = en;
			hasScannedForEncodings = 0;
			knownRegions = (
				en,
				Base,
			);
			mainGroup = D04B1532247B977F00DD6D74;
			productRefGroup = D04B153C247B977F00DD6D74 /* Products */;
			projectDirPath = "";
			projectRoot = "";
			targets = (
				D04B153A247B977F00DD6D74 /* uk-intersting-info */,
			);
		};
/* End PBXProject section */

/* Begin PBXResourcesBuildPhase section */
		D04B1539247B977F00DD6D74 /* Resources */ = {
			isa = PBXResourcesBuildPhase;
			buildActionMask = 2147483647;
			files = (
				D04B154B247B978300DD6D74 /* LaunchScreen.storyboard in Resources */,
				D04B1548247B978300DD6D74 /* Assets.xcassets in Resources */,
				D04B1546247B977F00DD6D74 /* Main.storyboard in Resources */,
			);
			runOnlyForDeploymentPostprocessing = 0;
		};
/* End PBXResourcesBuildPhase section */

/* Begin PBXSourcesBuildPhase section */
		D04B1537247B977F00DD6D74 /* Sources */ = {
			isa = PBXSourcesBuildPhase;
			buildActionMask = 2147483647;
			files = (
				D04B1543247B977F00DD6D74 /* ViewController.swift in Sources */,
				D04B153F247B977F00DD6D74 /* AppDelegate.swift in Sources */,
				D04B1541247B977F00DD6D74 /* SceneDelegate.swift in Sources */,
				D04B1553247B985500DD6D74 /* RequestManager.swift in Sources */,
				D04B1555247B988C00DD6D74 /* Models.swift in Sources */,
				D04B1557247BA0C200DD6D74 /* DetailsViewController.swift in Sources */,
			);
			runOnlyForDeploymentPostprocessing = 0;
		};
/* End PBXSourcesBuildPhase section */

/* Begin PBXVariantGroup section */
		D04B1544247B977F00DD6D74 /* Main.storyboard */ = {
			isa = PBXVariantGroup;
			children = (
				D04B1545247B977F00DD6D74 /* Base */,
			);
			name = Main.storyboard;
			sourceTree = "<group>";
		};
		D04B1549247B978300DD6D74 /* LaunchScreen.storyboard */ = {
			isa = PBXVariantGroup;
			children = (
				D04B154A247B978300DD6D74 /* Base */,
			);
			name = LaunchScreen.storyboard;
			sourceTree = "<group>";
		};
/* End PBXVariantGroup section */

/* Begin XCBuildConfiguration section */
		D04B154D247B978300DD6D74 /* Debug */ = {
			isa = XCBuildConfiguration;
			buildSettings = {
				ALWAYS_SEARCH_USER_PATHS = NO;
				CLANG_ANALYZER_NONNULL = YES;
				CLANG_ANALYZER_NUMBER_OBJECT_CONVERSION = YES_AGGRESSIVE;
				CLANG_CXX_LANGUAGE_STANDARD = "gnu++14";
				CLANG_CXX_LIBRARY = "libc++";
				CLANG_ENABLE_MODULES = YES;
				CLANG_ENABLE_OBJC_ARC = YES;
				CLANG_ENABLE_OBJC_WEAK = YES;
				CLANG_WARN_BLOCK_CAPTURE_AUTORELEASING = YES;
				CLANG_WARN_BOOL_CONVERSION = YES;
				CLANG_WARN_COMMA = YES;
				CLANG_WARN_CONSTANT_CONVERSION = YES;
				CLANG_WARN_DEPRECATED_OBJC_IMPLEMENTATIONS = YES;
				CLANG_WARN_DIRECT_OBJC_ISA_USAGE = YES_ERROR;
				CLANG_WARN_DOCUMENTATION_COMMENTS = YES;
				CLANG_WARN_EMPTY_BODY = YES;
				CLANG_WARN_ENUM_CONVERSION = YES;
				CLANG_WARN_INFINITE_RECURSION = YES;
				CLANG_WARN_INT_CONVERSION = YES;
				CLANG_WARN_NON_LITERAL_NULL_CONVERSION = YES;
				CLANG_WARN_OBJC_IMPLICIT_RETAIN_SELF = YES;
				CLANG_WARN_OBJC_LITERAL_CONVERSION = YES;
				CLANG_WARN_OBJC_ROOT_CLASS = YES_ERROR;
				CLANG_WARN_RANGE_LOOP_ANALYSIS = YES;
				CLANG_WARN_STRICT_PROTOTYPES = YES;
				CLANG_WARN_SUSPICIOUS_MOVE = YES;
				CLANG_WARN_UNGUARDED_AVAILABILITY = YES_AGGRESSIVE;
				CLANG_WARN_UNREACHABLE_CODE = YES;
				CLANG_WARN__DUPLICATE_METHOD_MATCH = YES;
				COPY_PHASE_STRIP = NO;
				DEBUG_INFORMATION_FORMAT = dwarf;
				ENABLE_STRICT_OBJC_MSGSEND = YES;
				ENABLE_TESTABILITY = YES;
				GCC_C_LANGUAGE_STANDARD = gnu11;
				GCC_DYNAMIC_NO_PIC = NO;
				GCC_NO_COMMON_BLOCKS = YES;
				GCC_OPTIMIZATION_LEVEL = 0;
				GCC_PREPROCESSOR_DEFINITIONS = (
					"DEBUG=1",
					"$(inherited)",
				);
				GCC_WARN_64_TO_32_BIT_CONVERSION = YES;
				GCC_WARN_ABOUT_RETURN_TYPE = YES_ERROR;
				GCC_WARN_UNDECLARED_SELECTOR = YES;
				GCC_WARN_UNINITIALIZED_AUTOS = YES_AGGRESSIVE;
				GCC_WARN_UNUSED_FUNCTION = YES;
				GCC_WARN_UNUSED_VARIABLE = YES;
				IPHONEOS_DEPLOYMENT_TARGET = 13.4;
				MTL_ENABLE_DEBUG_INFO = INCLUDE_SOURCE;
				MTL_FAST_MATH = YES;
				ONLY_ACTIVE_ARCH = YES;
				SDKROOT = iphoneos;
				SWIFT_ACTIVE_COMPILATION_CONDITIONS = DEBUG;
				SWIFT_OPTIMIZATION_LEVEL = "-Onone";
			};
			name = Debug;
		};
		D04B154E247B978300DD6D74 /* Release */ = {
			isa = XCBuildConfiguration;
			buildSettings = {
				ALWAYS_SEARCH_USER_PATHS = NO;
				CLANG_ANALYZER_NONNULL = YES;
				CLANG_ANALYZER_NUMBER_OBJECT_CONVERSION = YES_AGGRESSIVE;
				CLANG_CXX_LANGUAGE_STANDARD = "gnu++14";
				CLANG_CXX_LIBRARY = "libc++";
				CLANG_ENABLE_MODULES = YES;
				CLANG_ENABLE_OBJC_ARC = YES;
				CLANG_ENABLE_OBJC_WEAK = YES;
				CLANG_WARN_BLOCK_CAPTURE_AUTORELEASING = YES;
				CLANG_WARN_BOOL_CONVERSION = YES;
				CLANG_WARN_COMMA = YES;
				CLANG_WARN_CONSTANT_CONVERSION = YES;
				CLANG_WARN_DEPRECATED_OBJC_IMPLEMENTATIONS = YES;
				CLANG_WARN_DIRECT_OBJC_ISA_USAGE = YES_ERROR;
				CLANG_WARN_DOCUMENTATION_COMMENTS = YES;
				CLANG_WARN_EMPTY_BODY = YES;
				CLANG_WARN_ENUM_CONVERSION = YES;
				CLANG_WARN_INFINITE_RECURSION = YES;
				CLANG_WARN_INT_CONVERSION = YES;
				CLANG_WARN_NON_LITERAL_NULL_CONVERSION = YES;
				CLANG_WARN_OBJC_IMPLICIT_RETAIN_SELF = YES;
				CLANG_WARN_OBJC_LITERAL_CONVERSION = YES;
				CLANG_WARN_OBJC_ROOT_CLASS = YES_ERROR;
				CLANG_WARN_RANGE_LOOP_ANALYSIS = YES;
				CLANG_WARN_STRICT_PROTOTYPES = YES;
				CLANG_WARN_SUSPICIOUS_MOVE = YES;
				CLANG_WARN_UNGUARDED_AVAILABILITY = YES_AGGRESSIVE;
				CLANG_WARN_UNREACHABLE_CODE = YES;
				CLANG_WARN__DUPLICATE_METHOD_MATCH = YES;
				COPY_PHASE_STRIP = NO;
				DEBUG_INFORMATION_FORMAT = "dwarf-with-dsym";
				ENABLE_NS_ASSERTIONS = NO;
				ENABLE_STRICT_OBJC_MSGSEND = YES;
				GCC_C_LANGUAGE_STANDARD = gnu11;
				GCC_NO_COMMON_BLOCKS = YES;
				GCC_WARN_64_TO_32_BIT_CONVERSION = YES;
				GCC_WARN_ABOUT_RETURN_TYPE = YES_ERROR;
				GCC_WARN_UNDECLARED_SELECTOR = YES;
				GCC_WARN_UNINITIALIZED_AUTOS = YES_AGGRESSIVE;
				GCC_WARN_UNUSED_FUNCTION = YES;
				GCC_WARN_UNUSED_VARIABLE = YES;
				IPHONEOS_DEPLOYMENT_TARGET = 13.4;
				MTL_ENABLE_DEBUG_INFO = NO;
				MTL_FAST_MATH = YES;
				SDKROOT = iphoneos;
				SWIFT_COMPILATION_MODE = wholemodule;
				SWIFT_OPTIMIZATION_LEVEL = "-O";
				VALIDATE_PRODUCT = YES;
			};
			name = Release;
		};
		D04B1550247B978300DD6D74 /* Debug */ = {
			isa = XCBuildConfiguration;
			buildSettings = {
				ASSETCATALOG_COMPILER_APPICON_NAME = AppIcon;
				CODE_SIGN_STYLE = Automatic;
				DEVELOPMENT_TEAM = G4K5AVZ7A9;
				INFOPLIST_FILE = "uk-intersting-info/Info.plist";
				LD_RUNPATH_SEARCH_PATHS = (
					"$(inherited)",
					"@executable_path/Frameworks",
				);
				PRODUCT_BUNDLE_IDENTIFIER = "com.tommy.uk-intersting-info";
				PRODUCT_NAME = "$(TARGET_NAME)";
				SWIFT_VERSION = 5.0;
				TARGETED_DEVICE_FAMILY = "1,2";
			};
			name = Debug;
		};
		D04B1551247B978300DD6D74 /* Release */ = {
			isa = XCBuildConfiguration;
			buildSettings = {
				ASSETCATALOG_COMPILER_APPICON_NAME = AppIcon;
				CODE_SIGN_STYLE = Automatic;
				DEVELOPMENT_TEAM = G4K5AVZ7A9;
				INFOPLIST_FILE = "uk-intersting-info/Info.plist";
				LD_RUNPATH_SEARCH_PATHS = (
					"$(inherited)",
					"@executable_path/Frameworks",
				);
				PRODUCT_BUNDLE_IDENTIFIER = "com.tommy.uk-intersting-info";
				PRODUCT_NAME = "$(TARGET_NAME)";
				SWIFT_VERSION = 5.0;
				TARGETED_DEVICE_FAMILY = "1,2";
			};
			name = Release;
		};
/* End XCBuildConfiguration section */

/* Begin XCConfigurationList section */
		D04B1536247B977F00DD6D74 /* Build configuration list for PBXProject "uk-intersting-info" */ = {
			isa = XCConfigurationList;
			buildConfigurations = (
				D04B154D247B978300DD6D74 /* Debug */,
				D04B154E247B978300DD6D74 /* Release */,
			);
			defaultConfigurationIsVisible = 0;
			defaultConfigurationName = Release;
		};
		D04B154F247B978300DD6D74 /* Build configuration list for PBXNativeTarget "uk-intersting-info" */ = {
			isa = XCConfigurationList;
			buildConfigurations = (
				D04B1550247B978300DD6D74 /* Debug */,
				D04B1551247B978300DD6D74 /* Release */,
			);
			defaultConfigurationIsVisible = 0;
			defaultConfigurationName = Release;
		};
/* End XCConfigurationList section */
	};
	rootObject = D04B1533247B977F00DD6D74 /* Project object */;
}
